
Microsoft Visual Studio Solution File, Format Version 12.00
# Visual Studio Version 17
VisualStudioVersion = 17.4.33213.308
MinimumVisualStudioVersion = 10.0.40219.1
Project("{FAE04EC0-301F-11D3-BF4B-00C04F79EFBC}") = "WebApplication_pizza", "WebApplication_pizza.csproj", "{B2F3C6A7-0DC4-4736-95F2-5134A0BFDC2C}"
EndProject
Global
	GlobalSection(SolutionConfigurationPlatforms) = preSolution
		Debug|Any CPU = Debug|Any CPU
		Release|Any CPU = Release|Any CPU
	EndGlobalSection
	GlobalSection(ProjectConfigurationPlatforms) = postSolution
		{B2F3C6A7-0DC4-4736-95F2-5134A0BFDC2C}.Debug|Any CPU.ActiveCfg = Debug|Any CPU
		{B2F3C6A7-0DC4-4736-95F2-5134A0BFDC2C}.Debug|Any CPU.Build.0 = Debug|Any CPU
		{B2F3C6A7-0DC4-4736-95F2-5134A0BFDC2C}.Release|Any CPU.ActiveCfg = Release|Any CPU
		{B2F3C6A7-0DC4-4736-95F2-5134A0BFDC2C}.Release|Any CPU.Build.0 = Release|Any CPU
	EndGlobalSection
	GlobalSection(SolutionProperties) = preSolution
		HideSolutionNode = FALSE
	EndGlobalSection
	GlobalSection(ExtensibilityGlobals) = postSolution
		SolutionGuid = {A2A676D3-3547-4679-800E-4048509AEA3F}
	EndGlobalSection
EndGlobal
